
Microsoft Visual Studio Solution File, Format Version 12.00
# Visual Studio Version 17
VisualStudioVersion = 17.7.34009.444
MinimumVisualStudioVersion = 10.0.40219.1
Project("{FAE04EC0-301F-11D3-BF4B-00C04F79EFBC}") = "Generateur de mots de passe", "Generateur de mots de passe\Generateur de mots de passe.csproj", "{010FE8E4-C380-4AB4-94C4-A5814302B33A}"
EndProject
Global
	GlobalSection(SolutionConfigurationPlatforms) = preSolution
		Debug|Any CPU = Debug|Any CPU
		Release|Any CPU = Release|Any CPU
	EndGlobalSection
	GlobalSection(ProjectConfigurationPlatforms) = postSolution
		{010FE8E4-C380-4AB4-94C4-A5814302B33A}.Debug|Any CPU.ActiveCfg = Debug|Any CPU
		{010FE8E4-C380-4AB4-94C4-A5814302B33A}.Debug|Any CPU.Build.0 = Debug|Any CPU
		{010FE8E4-C380-4AB4-94C4-A5814302B33A}.Release|Any CPU.ActiveCfg = Release|Any CPU
		{010FE8E4-C380-4AB4-94C4-A5814302B33A}.Release|Any CPU.Build.0 = Release|Any CPU
	EndGlobalSection
	GlobalSection(SolutionProperties) = preSolution
		HideSolutionNode = FALSE
	EndGlobalSection
	GlobalSection(ExtensibilityGlobals) = postSolution
		SolutionGuid = {FE247BEB-2162-4D48-89AD-458222EBD7AF}
	EndGlobalSection
EndGlobal
